
Microsoft Visual Studio Solution File, Format Version 12.00
# Visual Studio Version 16
VisualStudioVersion = 16.0.30002.166
MinimumVisualStudioVersion = 10.0.40219.1
Project("{FAE04EC0-301F-11D3-BF4B-00C04F79EFBC}") = "Sol_Demo", "Sol_Demo\Sol_Demo.csproj", "{CEB89DE0-83A4-4125-8002-EE528150601E}"
EndProject
Global
	GlobalSection(SolutionConfigurationPlatforms) = preSolution
		Debug|Any CPU = Debug|Any CPU
		Release|Any CPU = Release|Any CPU
	EndGlobalSection
	GlobalSection(ProjectConfigurationPlatforms) = postSolution
		{CEB89DE0-83A4-4125-8002-EE528150601E}.Debug|Any CPU.ActiveCfg = Debug|Any CPU
		{CEB89DE0-83A4-4125-8002-EE528150601E}.Debug|Any CPU.Build.0 = Debug|Any CPU
		{CEB89DE0-83A4-4125-8002-EE528150601E}.Release|Any CPU.ActiveCfg = Release|Any CPU
		{CEB89DE0-83A4-4125-8002-EE528150601E}.Release|Any CPU.Build.0 = Release|Any CPU
	EndGlobalSection
	GlobalSection(SolutionProperties) = preSolution
		HideSolutionNode = FALSE
	EndGlobalSection
	GlobalSection(ExtensibilityGlobals) = postSolution
		SolutionGuid = {64C7D4EE-5952-419B-91F3-738F6CAF5226}
	EndGlobalSection
EndGlobal
